
Microsoft Visual Studio Solution File, Format Version 12.00
# Visual Studio Version 16
VisualStudioVersion = 16.0.31321.278
MinimumVisualStudioVersion = 10.0.40219.1
Project("{8BC9CEB8-8B4A-11D0-8D11-00A0C91BC942}") = "Fraction", "Fraction\Fraction.vcxproj", "{54271B95-34EC-4AF2-8B57-F0D0DC5042D3}"
EndProject
Project("{8BC9CEB8-8B4A-11D0-8D11-00A0C91BC942}") = "Overloaded_operators", "Overloaded_operators\Overloaded_operators.vcxproj", "{06D3075F-935B-4890-82F9-64F55D9B7A58}"
EndProject
Project("{8BC9CEB8-8B4A-11D0-8D11-00A0C91BC942}") = "String", "String\String.vcxproj", "{33D6A4D0-820A-4586-BF89-4156824D62C2}"
EndProject
Project("{8BC9CEB8-8B4A-11D0-8D11-00A0C91BC942}") = "Academy", "Academy\Academy.vcxproj", "{6B9262DD-33FD-4F79-BFFB-484C014E7E37}"
EndProject
Project("{8BC9CEB8-8B4A-11D0-8D11-00A0C91BC942}") = "Geometric_figures", "Geometric_figures\Geometric_figures.vcxproj", "{88E1BF0B-2838-4B18-B73B-AD9C3424760F}"
EndProject
Project("{8BC9CEB8-8B4A-11D0-8D11-00A0C91BC942}") = "Triangle", "Triangle\Triangle.vcxproj", "{856274A9-3352-407F-AF85-C40F5B911038}"
EndProject
Project("{8BC9CEB8-8B4A-11D0-8D11-00A0C91BC942}") = "ForwardList", "ForwardList\ForwardList.vcxproj", "{555CEADE-E0D9-4C55-BBCC-E55F1934BCCF}"
EndProject
Global
	GlobalSection(SolutionConfigurationPlatforms) = preSolution
		Debug|x64 = Debug|x64
		Debug|x86 = Debug|x86
		Release|x64 = Release|x64
		Release|x86 = Release|x86
	EndGlobalSection
	GlobalSection(ProjectConfigurationPlatforms) = postSolution
		{54271B95-34EC-4AF2-8B57-F0D0DC5042D3}.Debug|x64.ActiveCfg = Debug|x64
		{54271B95-34EC-4AF2-8B57-F0D0DC5042D3}.Debug|x64.Build.0 = Debug|x64
		{54271B95-34EC-4AF2-8B57-F0D0DC5042D3}.Debug|x86.ActiveCfg = Debug|Win32
		{54271B95-34EC-4AF2-8B57-F0D0DC5042D3}.Debug|x86.Build.0 = Debug|Win32
		{54271B95-34EC-4AF2-8B57-F0D0DC5042D3}.Release|x64.ActiveCfg = Release|x64
		{54271B95-34EC-4AF2-8B57-F0D0DC5042D3}.Release|x64.Build.0 = Release|x64
		{54271B95-34EC-4AF2-8B57-F0D0DC5042D3}.Release|x86.ActiveCfg = Release|Win32
		{54271B95-34EC-4AF2-8B57-F0D0DC5042D3}.Release|x86.Build.0 = Release|Win32
		{06D3075F-935B-4890-82F9-64F55D9B7A58}.Debug|x64.ActiveCfg = Debug|x64
		{06D3075F-935B-4890-82F9-64F55D9B7A58}.Debug|x64.Build.0 = Debug|x64
		{06D3075F-935B-4890-82F9-64F55D9B7A58}.Debug|x86.ActiveCfg = Debug|Win32
		{06D3075F-935B-4890-82F9-64F55D9B7A58}.Debug|x86.Build.0 = Debug|Win32
		{06D3075F-935B-4890-82F9-64F55D9B7A58}.Release|x64.ActiveCfg = Release|x64
		{06D3075F-935B-4890-82F9-64F55D9B7A58}.Release|x64.Build.0 = Release|x64
		{06D3075F-935B-4890-82F9-64F55D9B7A58}.Release|x86.ActiveCfg = Release|Win32
		{06D3075F-935B-4890-82F9-64F55D9B7A58}.Release|x86.Build.0 = Release|Win32
		{33D6A4D0-820A-4586-BF89-4156824D62C2}.Debug|x64.ActiveCfg = Debug|x64
		{33D6A4D0-820A-4586-BF89-4156824D62C2}.Debug|x64.Build.0 = Debug|x64
		{33D6A4D0-820A-4586-BF89-4156824D62C2}.Debug|x86.ActiveCfg = Debug|Win32
		{33D6A4D0-820A-4586-BF89-4156824D62C2}.Debug|x86.Build.0 = Debug|Win32
		{33D6A4D0-820A-4586-BF89-4156824D62C2}.Release|x64.ActiveCfg = Release|x64
		{33D6A4D0-820A-4586-BF89-4156824D62C2}.Release|x64.Build.0 = Release|x64
		{33D6A4D0-820A-4586-BF89-4156824D62C2}.Release|x86.ActiveCfg = Release|Win32
		{33D6A4D0-820A-4586-BF89-4156824D62C2}.Release|x86.Build.0 = Release|Win32
		{6B9262DD-33FD-4F79-BFFB-484C014E7E37}.Debug|x64.ActiveCfg = Debug|x64
		{6B9262DD-33FD-4F79-BFFB-484C014E7E37}.Debug|x64.Build.0 = Debug|x64
		{6B9262DD-33FD-4F79-BFFB-484C014E7E37}.Debug|x86.ActiveCfg = Debug|Win32
		{6B9262DD-33FD-4F79-BFFB-484C014E7E37}.Debug|x86.Build.0 = Debug|Win32
		{6B9262DD-33FD-4F79-BFFB-484C014E7E37}.Release|x64.ActiveCfg = Release|x64
		{6B9262DD-33FD-4F79-BFFB-484C014E7E37}.Release|x64.Build.0 = Release|x64
		{6B9262DD-33FD-4F79-BFFB-484C014E7E37}.Release|x86.ActiveCfg = Release|Win32
		{6B9262DD-33FD-4F79-BFFB-484C014E7E37}.Release|x86.Build.0 = Release|Win32
		{88E1BF0B-2838-4B18-B73B-AD9C3424760F}.Debug|x64.ActiveCfg = Debug|x64
		{88E1BF0B-2838-4B18-B73B-AD9C3424760F}.Debug|x64.Build.0 = Debug|x64
		{88E1BF0B-2838-4B18-B73B-AD9C3424760F}.Debug|x86.ActiveCfg = Debug|Win32
		{88E1BF0B-2838-4B18-B73B-AD9C3424760F}.Debug|x86.Build.0 = Debug|Win32
		{88E1BF0B-2838-4B18-B73B-AD9C3424760F}.Release|x64.ActiveCfg = Release|x64
		{88E1BF0B-2838-4B18-B73B-AD9C3424760F}.Release|x64.Build.0 = Release|x64
		{88E1BF0B-2838-4B18-B73B-AD9C3424760F}.Release|x86.ActiveCfg = Release|Win32
		{88E1BF0B-2838-4B18-B73B-AD9C3424760F}.Release|x86.Build.0 = Release|Win32
		{856274A9-3352-407F-AF85-C40F5B911038}.Debug|x64.ActiveCfg = Debug|x64
		{856274A9-3352-407F-AF85-C40F5B911038}.Debug|x64.Build.0 = Debug|x64
		{856274A9-3352-407F-AF85-C40F5B911038}.Debug|x86.ActiveCfg = Debug|Win32
		{856274A9-3352-407F-AF85-C40F5B911038}.Debug|x86.Build.0 = Debug|Win32
		{856274A9-3352-407F-AF85-C40F5B911038}.Release|x64.ActiveCfg = Release|x64
		{856274A9-3352-407F-AF85-C40F5B911038}.Release|x64.Build.0 = Release|x64
		{856274A9-3352-407F-AF85-C40F5B911038}.Release|x86.ActiveCfg = Release|Win32
		{856274A9-3352-407F-AF85-C40F5B911038}.Release|x86.Build.0 = Release|Win32
		{555CEADE-E0D9-4C55-BBCC-E55F1934BCCF}.Debug|x64.ActiveCfg = Debug|x64
		{555CEADE-E0D9-4C55-BBCC-E55F1934BCCF}.Debug|x64.Build.0 = Debug|x64
		{555CEADE-E0D9-4C55-BBCC-E55F1934BCCF}.Debug|x86.ActiveCfg = Debug|Win32
		{555CEADE-E0D9-4C55-BBCC-E55F1934BCCF}.Debug|x86.Build.0 = Debug|Win32
		{555CEADE-E0D9-4C55-BBCC-E55F1934BCCF}.Release|x64.ActiveCfg = Release|x64
		{555CEADE-E0D9-4C55-BBCC-E55F1934BCCF}.Release|x64.Build.0 = Release|x64
		{555CEADE-E0D9-4C55-BBCC-E55F1934BCCF}.Release|x86.ActiveCfg = Release|Win32
		{555CEADE-E0D9-4C55-BBCC-E55F1934BCCF}.Release|x86.Build.0 = Release|Win32
	EndGlobalSection
	GlobalSection(SolutionProperties) = preSolution
		HideSolutionNode = FALSE
	EndGlobalSection
	GlobalSection(ExtensibilityGlobals) = postSolution
		SolutionGuid = {F10E65C0-0130-40A5-8B1E-AE4FCD287D55}
	EndGlobalSection
EndGlobal
